// !$*UTF8*$!
{
	archiveVersion = 1;
	classes = {
	};
	objectVersion = 56;
	objects = {

/* Begin PBXBuildFile section */
		F41905CD2AC86A7B000E3A0B /* NormandieSpotsApp.swift in Sources */ = {isa = PBXBuildFile; fileRef = F41905CC2AC86A7B000E3A0B /* NormandieSpotsApp.swift */; };
		F41905CF2AC86A7B000E3A0B /* ContentView.swift in Sources */ = {isa = PBXBuildFile; fileRef = F41905CE2AC86A7B000E3A0B /* ContentView.swift */; };
		F41905D12AC86A7C000E3A0B /* Assets.xcassets in Resources */ = {isa = PBXBuildFile; fileRef = F41905D02AC86A7C000E3A0B /* Assets.xcassets */; };
		F41905D42AC86A7C000E3A0B /* Preview Assets.xcassets in Resources */ = {isa = PBXBuildFile; fileRef = F41905D32AC86A7C000E3A0B /* Preview Assets.xcassets */; };
		F41905DF2AC877AB000E3A0B /* placesDatas.json in Resources */ = {isa = PBXBuildFile; fileRef = F41905DE2AC877AB000E3A0B /* placesDatas.json */; };
		F41905E12AC88339000E3A0B /* Place.swift in Sources */ = {isa = PBXBuildFile; fileRef = F41905E02AC88339000E3A0B /* Place.swift */; };
		F41905E32AC88600000E3A0B /* ModelData.swift in Sources */ = {isa = PBXBuildFile; fileRef = F41905E22AC88600000E3A0B /* ModelData.swift */; };
		F4228E8B2BBE0BD100FE612D /* NewPlaceView.swift in Sources */ = {isa = PBXBuildFile; fileRef = F4228E8A2BBE0BD100FE612D /* NewPlaceView.swift */; };
		F435434A2AD9629D00793062 /* PlaceList.swift in Sources */ = {isa = PBXBuildFile; fileRef = F43543492AD9629D00793062 /* PlaceList.swift */; };
		F43A21E12AFD488D00D98F07 /* PlaceRow.swift in Sources */ = {isa = PBXBuildFile; fileRef = F43A21E02AFD488D00D98F07 /* PlaceRow.swift */; };
		F43A21E32AFD493B00D98F07 /* PlaceDetail.swift in Sources */ = {isa = PBXBuildFile; fileRef = F43A21E22AFD493B00D98F07 /* PlaceDetail.swift */; };
		F43A21E52AFD4FD200D98F07 /* CircleImage.swift in Sources */ = {isa = PBXBuildFile; fileRef = F43A21E42AFD4FD200D98F07 /* CircleImage.swift */; };
		F43A21E72AFD513100D98F07 /* MapView.swift in Sources */ = {isa = PBXBuildFile; fileRef = F43A21E62AFD513100D98F07 /* MapView.swift */; };
		F43A21E92AFD545900D98F07 /* FavoriteButton.swift in Sources */ = {isa = PBXBuildFile; fileRef = F43A21E82AFD545900D98F07 /* FavoriteButton.swift */; };
		F4821A372B23835900C8836B /* CategoryItem.swift in Sources */ = {isa = PBXBuildFile; fileRef = F4821A362B23835900C8836B /* CategoryItem.swift */; };
		F4821A392B23836D00C8836B /* CategoryRow.swift in Sources */ = {isa = PBXBuildFile; fileRef = F4821A382B23836D00C8836B /* CategoryRow.swift */; };
		F4821A3B2B2383BC00C8836B /* CategoryHome.swift in Sources */ = {isa = PBXBuildFile; fileRef = F4821A3A2B2383BC00C8836B /* CategoryHome.swift */; };
		F4AAB0EA2BF3DBC200ADDC97 /* PlaceStore.swift in Sources */ = {isa = PBXBuildFile; fileRef = F4AAB0E92BF3DBC200ADDC97 /* PlaceStore.swift */; };
		F4DD6BFE2BADFC400086A6DD /* SettingsView.swift in Sources */ = {isa = PBXBuildFile; fileRef = F4DD6BFD2BADFC400086A6DD /* SettingsView.swift */; };
		F4DD6C002BADFE350086A6DD /* Setting.swift in Sources */ = {isa = PBXBuildFile; fileRef = F4DD6BFF2BADFE350086A6DD /* Setting.swift */; };
/* End PBXBuildFile section */

/* Begin PBXFileReference section */
		F41905C92AC86A7B000E3A0B /* NormandieSpots.app */ = {isa = PBXFileReference; explicitFileType = wrapper.application; includeInIndex = 0; path = NormandieSpots.app; sourceTree = BUILT_PRODUCTS_DIR; };
		F41905CC2AC86A7B000E3A0B /* NormandieSpotsApp.swift */ = {isa = PBXFileReference; lastKnownFileType = sourcecode.swift; path = NormandieSpotsApp.swift; sourceTree = "<group>"; };
		F41905CE2AC86A7B000E3A0B /* ContentView.swift */ = {isa = PBXFileReference; lastKnownFileType = sourcecode.swift; path = ContentView.swift; sourceTree = "<group>"; };
		F41905D02AC86A7C000E3A0B /* Assets.xcassets */ = {isa = PBXFileReference; lastKnownFileType = folder.assetcatalog; path = Assets.xcassets; sourceTree = "<group>"; };
		F41905D32AC86A7C000E3A0B /* Preview Assets.xcassets */ = {isa = PBXFileReference; lastKnownFileType = folder.assetcatalog; path = "Preview Assets.xcassets"; sourceTree = "<group>"; };
		F41905DA2AC86CB1000E3A0B /* README.md */ = {isa = PBXFileReference; lastKnownFileType = net.daringfireball.markdown; path = README.md; sourceTree = "<group>"; };
		F41905DE2AC877AB000E3A0B /* placesDatas.json */ = {isa = PBXFileReference; lastKnownFileType = text.json; path = placesDatas.json; sourceTree = "<group>"; };
		F41905E02AC88339000E3A0B /* Place.swift */ = {isa = PBXFileReference; lastKnownFileType = sourcecode.swift; path = Place.swift; sourceTree = "<group>"; };
		F41905E22AC88600000E3A0B /* ModelData.swift */ = {isa = PBXFileReference; lastKnownFileType = sourcecode.swift; path = ModelData.swift; sourceTree = "<group>"; };
		F4228E8A2BBE0BD100FE612D /* NewPlaceView.swift */ = {isa = PBXFileReference; lastKnownFileType = sourcecode.swift; path = NewPlaceView.swift; sourceTree = "<group>"; };
		F43543492AD9629D00793062 /* PlaceList.swift */ = {isa = PBXFileReference; lastKnownFileType = sourcecode.swift; path = PlaceList.swift; sourceTree = "<group>"; };
		F43A21E02AFD488D00D98F07 /* PlaceRow.swift */ = {isa = PBXFileReference; lastKnownFileType = sourcecode.swift; path = PlaceRow.swift; sourceTree = "<group>"; };
		F43A21E22AFD493B00D98F07 /* PlaceDetail.swift */ = {isa = PBXFileReference; lastKnownFileType = sourcecode.swift; path = PlaceDetail.swift; sourceTree = "<group>"; };
		F43A21E42AFD4FD200D98F07 /* CircleImage.swift */ = {isa = PBXFileReference; lastKnownFileType = sourcecode.swift; path = CircleImage.swift; sourceTree = "<group>"; };
		F43A21E62AFD513100D98F07 /* MapView.swift */ = {isa = PBXFileReference; lastKnownFileType = sourcecode.swift; path = MapView.swift; sourceTree = "<group>"; };
		F43A21E82AFD545900D98F07 /* FavoriteButton.swift */ = {isa = PBXFileReference; lastKnownFileType = sourcecode.swift; path = FavoriteButton.swift; sourceTree = "<group>"; };
		F4821A362B23835900C8836B /* CategoryItem.swift */ = {isa = PBXFileReference; lastKnownFileType = sourcecode.swift; path = CategoryItem.swift; sourceTree = "<group>"; };
		F4821A382B23836D00C8836B /* CategoryRow.swift */ = {isa = PBXFileReference; lastKnownFileType = sourcecode.swift; path = CategoryRow.swift; sourceTree = "<group>"; };
		F4821A3A2B2383BC00C8836B /* CategoryHome.swift */ = {isa = PBXFileReference; lastKnownFileType = sourcecode.swift; path = CategoryHome.swift; sourceTree = "<group>"; };
		F4AAB0E92BF3DBC200ADDC97 /* PlaceStore.swift */ = {isa = PBXFileReference; lastKnownFileType = sourcecode.swift; path = PlaceStore.swift; sourceTree = "<group>"; };
		F4DD6BFD2BADFC400086A6DD /* SettingsView.swift */ = {isa = PBXFileReference; lastKnownFileType = sourcecode.swift; path = SettingsView.swift; sourceTree = "<group>"; };
		F4DD6BFF2BADFE350086A6DD /* Setting.swift */ = {isa = PBXFileReference; lastKnownFileType = sourcecode.swift; path = Setting.swift; sourceTree = "<group>"; };
/* End PBXFileReference section */

/* Begin PBXFrameworksBuildPhase section */
		F41905C62AC86A7B000E3A0B /* Frameworks */ = {
			isa = PBXFrameworksBuildPhase;
			buildActionMask = 2147483647;
			files = (
			);
			runOnlyForDeploymentPostprocessing = 0;
		};
/* End PBXFrameworksBuildPhase section */

/* Begin PBXGroup section */
		F41905C02AC86A7B000E3A0B = {
			isa = PBXGroup;
			children = (
				F41905DA2AC86CB1000E3A0B /* README.md */,
				F41905CB2AC86A7B000E3A0B /* NormandieSpots */,
				F41905CA2AC86A7B000E3A0B /* Products */,
			);
			sourceTree = "<group>";
		};
		F41905CA2AC86A7B000E3A0B /* Products */ = {
			isa = PBXGroup;
			children = (
				F41905C92AC86A7B000E3A0B /* NormandieSpots.app */,
			);
			name = Products;
			sourceTree = "<group>";
		};
		F41905CB2AC86A7B000E3A0B /* NormandieSpots */ = {
			isa = PBXGroup;
			children = (
				F41905CC2AC86A7B000E3A0B /* NormandieSpotsApp.swift */,
				F41905DB2AC86E6A000E3A0B /* Views */,
				F41905DC2AC86E6F000E3A0B /* Model */,
				F41905DD2AC86E75000E3A0B /* Ressources */,
				F41905D02AC86A7C000E3A0B /* Assets.xcassets */,
				F41905D22AC86A7C000E3A0B /* Preview Content */,
			);
			path = NormandieSpots;
			sourceTree = "<group>";
		};
		F41905D22AC86A7C000E3A0B /* Preview Content */ = {
			isa = PBXGroup;
			children = (
				F41905D32AC86A7C000E3A0B /* Preview Assets.xcassets */,
			);
			path = "Preview Content";
			sourceTree = "<group>";
		};
		F41905DB2AC86E6A000E3A0B /* Views */ = {
			isa = PBXGroup;
			children = (
				F41905CE2AC86A7B000E3A0B /* ContentView.swift */,
				F4821A352B23832A00C8836B /* Category */,
				F43543462AD9626C00793062 /* Places */,
				F43543472AD9627900793062 /* Helpers */,
				F4DD6BFD2BADFC400086A6DD /* SettingsView.swift */,
			);
			path = Views;
			sourceTree = "<group>";
		};
		F41905DC2AC86E6F000E3A0B /* Model */ = {
			isa = PBXGroup;
			children = (
				F41905E02AC88339000E3A0B /* Place.swift */,
				F4AAB0E92BF3DBC200ADDC97 /* PlaceStore.swift */,
				F41905E22AC88600000E3A0B /* ModelData.swift */,
				F4DD6BFF2BADFE350086A6DD /* Setting.swift */,
			);
			path = Model;
			sourceTree = "<group>";
		};
		F41905DD2AC86E75000E3A0B /* Ressources */ = {
			isa = PBXGroup;
			children = (
				F41905DE2AC877AB000E3A0B /* placesDatas.json */,
			);
			path = Ressources;
			sourceTree = "<group>";
		};
		F43543462AD9626C00793062 /* Places */ = {
			isa = PBXGroup;
			children = (
				F43543492AD9629D00793062 /* PlaceList.swift */,
				F43A21E02AFD488D00D98F07 /* PlaceRow.swift */,
				F43A21E22AFD493B00D98F07 /* PlaceDetail.swift */,
				F4228E8A2BBE0BD100FE612D /* NewPlaceView.swift */,
			);
			path = Places;
			sourceTree = "<group>";
		};
		F43543472AD9627900793062 /* Helpers */ = {
			isa = PBXGroup;
			children = (
				F43A21E42AFD4FD200D98F07 /* CircleImage.swift */,
				F43A21E62AFD513100D98F07 /* MapView.swift */,
				F43A21E82AFD545900D98F07 /* FavoriteButton.swift */,
			);
			path = Helpers;
			sourceTree = "<group>";
		};
		F4821A352B23832A00C8836B /* Category */ = {
			isa = PBXGroup;
			children = (
				F4821A3A2B2383BC00C8836B /* CategoryHome.swift */,
				F4821A382B23836D00C8836B /* CategoryRow.swift */,
				F4821A362B23835900C8836B /* CategoryItem.swift */,
			);
			path = Category;
			sourceTree = "<group>";
		};
/* End PBXGroup section */

/* Begin PBXNativeTarget section */
		F41905C82AC86A7B000E3A0B /* NormandieSpots */ = {
			isa = PBXNativeTarget;
			buildConfigurationList = F41905D72AC86A7C000E3A0B /* Build configuration list for PBXNativeTarget "NormandieSpots" */;
			buildPhases = (
				F41905C52AC86A7B000E3A0B /* Sources */,
				F41905C62AC86A7B000E3A0B /* Frameworks */,
				F41905C72AC86A7B000E3A0B /* Resources */,
			);
			buildRules = (
			);
			dependencies = (
			);
			name = NormandieSpots;
			productName = NormandieSpots;
			productReference = F41905C92AC86A7B000E3A0B /* NormandieSpots.app */;
			productType = "com.apple.product-type.application";
		};
/* End PBXNativeTarget section */

/* Begin PBXProject section */
		F41905C12AC86A7B000E3A0B /* Project object */ = {
			isa = PBXProject;
			attributes = {
				BuildIndependentTargetsInParallel = 1;
				LastSwiftUpdateCheck = 1500;
				LastUpgradeCheck = 1500;
				TargetAttributes = {
					F41905C82AC86A7B000E3A0B = {
						CreatedOnToolsVersion = 15.0;
					};
				};
			};
			buildConfigurationList = F41905C42AC86A7B000E3A0B /* Build configuration list for PBXProject "NormandieSpots" */;
			compatibilityVersion = "Xcode 14.0";
			developmentRegion = en;
			hasScannedForEncodings = 0;
			knownRegions = (
				en,
				Base,
			);
			mainGroup = F41905C02AC86A7B000E3A0B;
			productRefGroup = F41905CA2AC86A7B000E3A0B /* Products */;
			projectDirPath = "";
			projectRoot = "";
			targets = (
				F41905C82AC86A7B000E3A0B /* NormandieSpots */,
			);
		};
/* End PBXProject section */

/* Begin PBXResourcesBuildPhase section */
		F41905C72AC86A7B000E3A0B /* Resources */ = {
			isa = PBXResourcesBuildPhase;
			buildActionMask = 2147483647;
			files = (
				F41905D42AC86A7C000E3A0B /* Preview Assets.xcassets in Resources */,
				F41905D12AC86A7C000E3A0B /* Assets.xcassets in Resources */,
				F41905DF2AC877AB000E3A0B /* placesDatas.json in Resources */,
			);
			runOnlyForDeploymentPostprocessing = 0;
		};
/* End PBXResourcesBuildPhase section */

/* Begin PBXSourcesBuildPhase section */
		F41905C52AC86A7B000E3A0B /* Sources */ = {
			isa = PBXSourcesBuildPhase;
			buildActionMask = 2147483647;
			files = (
				F4821A3B2B2383BC00C8836B /* CategoryHome.swift in Sources */,
				F41905E12AC88339000E3A0B /* Place.swift in Sources */,
				F43A21E52AFD4FD200D98F07 /* CircleImage.swift in Sources */,
				F435434A2AD9629D00793062 /* PlaceList.swift in Sources */,
				F43A21E92AFD545900D98F07 /* FavoriteButton.swift in Sources */,
				F43A21E12AFD488D00D98F07 /* PlaceRow.swift in Sources */,
				F41905CF2AC86A7B000E3A0B /* ContentView.swift in Sources */,
				F4228E8B2BBE0BD100FE612D /* NewPlaceView.swift in Sources */,
				F4DD6BFE2BADFC400086A6DD /* SettingsView.swift in Sources */,
				F43A21E32AFD493B00D98F07 /* PlaceDetail.swift in Sources */,
				F4DD6C002BADFE350086A6DD /* Setting.swift in Sources */,
				F4AAB0EA2BF3DBC200ADDC97 /* PlaceStore.swift in Sources */,
				F41905CD2AC86A7B000E3A0B /* NormandieSpotsApp.swift in Sources */,
				F43A21E72AFD513100D98F07 /* MapView.swift in Sources */,
				F4821A372B23835900C8836B /* CategoryItem.swift in Sources */,
				F4821A392B23836D00C8836B /* CategoryRow.swift in Sources */,
				F41905E32AC88600000E3A0B /* ModelData.swift in Sources */,
			);
			runOnlyForDeploymentPostprocessing = 0;
		};
/* End PBXSourcesBuildPhase section */

/* Begin XCBuildConfiguration section */
		F41905D52AC86A7C000E3A0B /* Debug */ = {
			isa = XCBuildConfiguration;
			buildSettings = {
				ALWAYS_SEARCH_USER_PATHS = NO;
				ASSETCATALOG_COMPILER_GENERATE_SWIFT_ASSET_SYMBOL_EXTENSIONS = YES;
				CLANG_ANALYZER_NONNULL = YES;
				CLANG_ANALYZER_NUMBER_OBJECT_CONVERSION = YES_AGGRESSIVE;
				CLANG_CXX_LANGUAGE_STANDARD = "gnu++20";
				CLANG_ENABLE_MODULES = YES;
				CLANG_ENABLE_OBJC_ARC = YES;
				CLANG_ENABLE_OBJC_WEAK = YES;
				CLANG_WARN_BLOCK_CAPTURE_AUTORELEASING = YES;
				CLANG_WARN_BOOL_CONVERSION = YES;
				CLANG_WARN_COMMA = YES;
				CLANG_WARN_CONSTANT_CONVERSION = YES;
				CLANG_WARN_DEPRECATED_OBJC_IMPLEMENTATIONS = YES;
				CLANG_WARN_DIRECT_OBJC_ISA_USAGE = YES_ERROR;
				CLANG_WARN_DOCUMENTATION_COMMENTS = YES;
				CLANG_WARN_EMPTY_BODY = YES;
				CLANG_WARN_ENUM_CONVERSION = YES;
				CLANG_WARN_INFINITE_RECURSION = YES;
				CLANG_WARN_INT_CONVERSION = YES;
				CLANG_WARN_NON_LITERAL_NULL_CONVERSION = YES;
				CLANG_WARN_OBJC_IMPLICIT_RETAIN_SELF = YES;
				CLANG_WARN_OBJC_LITERAL_CONVERSION = YES;
				CLANG_WARN_OBJC_ROOT_CLASS = YES_ERROR;
				CLANG_WARN_QUOTED_INCLUDE_IN_FRAMEWORK_HEADER = YES;
				CLANG_WARN_RANGE_LOOP_ANALYSIS = YES;
				CLANG_WARN_STRICT_PROTOTYPES = YES;
				CLANG_WARN_SUSPICIOUS_MOVE = YES;
				CLANG_WARN_UNGUARDED_AVAILABILITY = YES_AGGRESSIVE;
				CLANG_WARN_UNREACHABLE_CODE = YES;
				CLANG_WARN__DUPLICATE_METHOD_MATCH = YES;
				COPY_PHASE_STRIP = NO;
				DEBUG_INFORMATION_FORMAT = dwarf;
				ENABLE_STRICT_OBJC_MSGSEND = YES;
				ENABLE_TESTABILITY = YES;
				ENABLE_USER_SCRIPT_SANDBOXING = YES;
				GCC_C_LANGUAGE_STANDARD = gnu17;
				GCC_DYNAMIC_NO_PIC = NO;
				GCC_NO_COMMON_BLOCKS = YES;
				GCC_OPTIMIZATION_LEVEL = 0;
				GCC_PREPROCESSOR_DEFINITIONS = (
					"DEBUG=1",
					"$(inherited)",
				);
				GCC_WARN_64_TO_32_BIT_CONVERSION = YES;
				GCC_WARN_ABOUT_RETURN_TYPE = YES_ERROR;
				GCC_WARN_UNDECLARED_SELECTOR = YES;
				GCC_WARN_UNINITIALIZED_AUTOS = YES_AGGRESSIVE;
				GCC_WARN_UNUSED_FUNCTION = YES;
				GCC_WARN_UNUSED_VARIABLE = YES;
				IPHONEOS_DEPLOYMENT_TARGET = 17.0;
				LOCALIZATION_PREFERS_STRING_CATALOGS = YES;
				MTL_ENABLE_DEBUG_INFO = INCLUDE_SOURCE;
				MTL_FAST_MATH = YES;
				ONLY_ACTIVE_ARCH = YES;
				SDKROOT = iphoneos;
				SWIFT_ACTIVE_COMPILATION_CONDITIONS = "DEBUG $(inherited)";
				SWIFT_OPTIMIZATION_LEVEL = "-Onone";
			};
			name = Debug;
		};
		F41905D62AC86A7C000E3A0B /* Release */ = {
			isa = XCBuildConfiguration;
			buildSettings = {
				ALWAYS_SEARCH_USER_PATHS = NO;
				ASSETCATALOG_COMPILER_GENERATE_SWIFT_ASSET_SYMBOL_EXTENSIONS = YES;
				CLANG_ANALYZER_NONNULL = YES;
				CLANG_ANALYZER_NUMBER_OBJECT_CONVERSION = YES_AGGRESSIVE;
				CLANG_CXX_LANGUAGE_STANDARD = "gnu++20";
				CLANG_ENABLE_MODULES = YES;
				CLANG_ENABLE_OBJC_ARC = YES;
				CLANG_ENABLE_OBJC_WEAK = YES;
				CLANG_WARN_BLOCK_CAPTURE_AUTORELEASING = YES;
				CLANG_WARN_BOOL_CONVERSION = YES;
				CLANG_WARN_COMMA = YES;
				CLANG_WARN_CONSTANT_CONVERSION = YES;
				CLANG_WARN_DEPRECATED_OBJC_IMPLEMENTATIONS = YES;
				CLANG_WARN_DIRECT_OBJC_ISA_USAGE = YES_ERROR;
				CLANG_WARN_DOCUMENTATION_COMMENTS = YES;
				CLANG_WARN_EMPTY_BODY = YES;
				CLANG_WARN_ENUM_CONVERSION = YES;
				CLANG_WARN_INFINITE_RECURSION = YES;
				CLANG_WARN_INT_CONVERSION = YES;
				CLANG_WARN_NON_LITERAL_NULL_CONVERSION = YES;
				CLANG_WARN_OBJC_IMPLICIT_RETAIN_SELF = YES;
				CLANG_WARN_OBJC_LITERAL_CONVERSION = YES;
				CLANG_WARN_OBJC_ROOT_CLASS = YES_ERROR;
				CLANG_WARN_QUOTED_INCLUDE_IN_FRAMEWORK_HEADER = YES;
				CLANG_WARN_RANGE_LOOP_ANALYSIS = YES;
				CLANG_WARN_STRICT_PROTOTYPES = YES;
				CLANG_WARN_SUSPICIOUS_MOVE = YES;
				CLANG_WARN_UNGUARDED_AVAILABILITY = YES_AGGRESSIVE;
				CLANG_WARN_UNREACHABLE_CODE = YES;
				CLANG_WARN__DUPLICATE_METHOD_MATCH = YES;
				COPY_PHASE_STRIP = NO;
				DEBUG_INFORMATION_FORMAT = "dwarf-with-dsym";
				ENABLE_NS_ASSERTIONS = NO;
				ENABLE_STRICT_OBJC_MSGSEND = YES;
				ENABLE_USER_SCRIPT_SANDBOXING = YES;
				GCC_C_LANGUAGE_STANDARD = gnu17;
				GCC_NO_COMMON_BLOCKS = YES;
				GCC_WARN_64_TO_32_BIT_CONVERSION = YES;
				GCC_WARN_ABOUT_RETURN_TYPE = YES_ERROR;
				GCC_WARN_UNDECLARED_SELECTOR = YES;
				GCC_WARN_UNINITIALIZED_AUTOS = YES_AGGRESSIVE;
				GCC_WARN_UNUSED_FUNCTION = YES;
				GCC_WARN_UNUSED_VARIABLE = YES;
				IPHONEOS_DEPLOYMENT_TARGET = 17.0;
				LOCALIZATION_PREFERS_STRING_CATALOGS = YES;
				MTL_ENABLE_DEBUG_INFO = NO;
				MTL_FAST_MATH = YES;
				SDKROOT = iphoneos;
				SWIFT_COMPILATION_MODE = wholemodule;
				VALIDATE_PRODUCT = YES;
			};
			name = Release;
		};
		F41905D82AC86A7C000E3A0B /* Debug */ = {
			isa = XCBuildConfiguration;
			buildSettings = {
				ASSETCATALOG_COMPILER_APPICON_NAME = AppIcon;
				ASSETCATALOG_COMPILER_GLOBAL_ACCENT_COLOR_NAME = AccentColor;
				CODE_SIGN_STYLE = Automatic;
				CURRENT_PROJECT_VERSION = 1;
				DEVELOPMENT_ASSET_PATHS = "\"NormandieSpots/Preview Content\"";
				DEVELOPMENT_TEAM = 56AB9A2723;
				ENABLE_PREVIEWS = YES;
				GENERATE_INFOPLIST_FILE = YES;
				INFOPLIST_KEY_UIApplicationSceneManifest_Generation = YES;
				INFOPLIST_KEY_UIApplicationSupportsIndirectInputEvents = YES;
				INFOPLIST_KEY_UILaunchScreen_Generation = YES;
				INFOPLIST_KEY_UISupportedInterfaceOrientations_iPad = "UIInterfaceOrientationPortrait UIInterfaceOrientationPortraitUpsideDown UIInterfaceOrientationLandscapeLeft UIInterfaceOrientationLandscapeRight";
				INFOPLIST_KEY_UISupportedInterfaceOrientations_iPhone = "UIInterfaceOrientationPortrait UIInterfaceOrientationLandscapeLeft UIInterfaceOrientationLandscapeRight";
				LD_RUNPATH_SEARCH_PATHS = (
					"$(inherited)",
					"@executable_path/Frameworks",
				);
				MARKETING_VERSION = 1.0;
				PRODUCT_BUNDLE_IDENTIFIER = com.MyXcodeProjects.NormandieSpots;
				PRODUCT_NAME = "$(TARGET_NAME)";
				SWIFT_EMIT_LOC_STRINGS = YES;
				SWIFT_VERSION = 5.0;
				TARGETED_DEVICE_FAMILY = "1,2";
			};
			name = Debug;
		};
		F41905D92AC86A7C000E3A0B /* Release */ = {
			isa = XCBuildConfiguration;
			buildSettings = {
				ASSETCATALOG_COMPILER_APPICON_NAME = AppIcon;
				ASSETCATALOG_COMPILER_GLOBAL_ACCENT_COLOR_NAME = AccentColor;
				CODE_SIGN_STYLE = Automatic;
				CURRENT_PROJECT_VERSION = 1;
				DEVELOPMENT_ASSET_PATHS = "\"NormandieSpots/Preview Content\"";
				DEVELOPMENT_TEAM = 56AB9A2723;
				ENABLE_PREVIEWS = YES;
				GENERATE_INFOPLIST_FILE = YES;
				INFOPLIST_KEY_UIApplicationSceneManifest_Generation = YES;
				INFOPLIST_KEY_UIApplicationSupportsIndirectInputEvents = YES;
				INFOPLIST_KEY_UILaunchScreen_Generation = YES;
				INFOPLIST_KEY_UISupportedInterfaceOrientations_iPad = "UIInterfaceOrientationPortrait UIInterfaceOrientationPortraitUpsideDown UIInterfaceOrientationLandscapeLeft UIInterfaceOrientationLandscapeRight";
				INFOPLIST_KEY_UISupportedInterfaceOrientations_iPhone = "UIInterfaceOrientationPortrait UIInterfaceOrientationLandscapeLeft UIInterfaceOrientationLandscapeRight";
				LD_RUNPATH_SEARCH_PATHS = (
					"$(inherited)",
					"@executable_path/Frameworks",
				);
				MARKETING_VERSION = 1.0;
				PRODUCT_BUNDLE_IDENTIFIER = com.MyXcodeProjects.NormandieSpots;
				PRODUCT_NAME = "$(TARGET_NAME)";
				SWIFT_EMIT_LOC_STRINGS = YES;
				SWIFT_VERSION = 5.0;
				TARGETED_DEVICE_FAMILY = "1,2";
			};
			name = Release;
		};
/* End XCBuildConfiguration section */

/* Begin XCConfigurationList section */
		F41905C42AC86A7B000E3A0B /* Build configuration list for PBXProject "NormandieSpots" */ = {
			isa = XCConfigurationList;
			buildConfigurations = (
				F41905D52AC86A7C000E3A0B /* Debug */,
				F41905D62AC86A7C000E3A0B /* Release */,
			);
			defaultConfigurationIsVisible = 0;
			defaultConfigurationName = Release;
		};
		F41905D72AC86A7C000E3A0B /* Build configuration list for PBXNativeTarget "NormandieSpots" */ = {
			isa = XCConfigurationList;
			buildConfigurations = (
				F41905D82AC86A7C000E3A0B /* Debug */,
				F41905D92AC86A7C000E3A0B /* Release */,
			);
			defaultConfigurationIsVisible = 0;
			defaultConfigurationName = Release;
		};
/* End XCConfigurationList section */
	};
	rootObject = F41905C12AC86A7B000E3A0B /* Project object */;
}
